
Microsoft Visual Studio Solution File, Format Version 12.00
# Visual Studio Version 16
VisualStudioVersion = 16.0.29123.88
MinimumVisualStudioVersion = 10.0.40219.1
Project("{9A19103F-16F7-4668-BE54-9A1E7A4F7556}") = "Ace.Networking", "src\Ace.Networking\Ace.Networking.csproj", "{56090928-A113-4B05-BB50-7CB135B578CA}"
EndProject
Project("{9A19103F-16F7-4668-BE54-9A1E7A4F7556}") = "Entanglement.Server", "..\Ace.Networking.Examples\Entanglement\Entanglement.Server\Entanglement.Server.csproj", "{11E07CC2-3B9A-48DD-BF96-70E96ED8DBB1}"
EndProject
Project("{9A19103F-16F7-4668-BE54-9A1E7A4F7556}") = "Entanglement.Client", "..\Ace.Networking.Examples\Entanglement\Entanglement.Client\Entanglement.Client.csproj", "{9F5634BB-216A-479E-AAF2-16B1CCB7EEC7}"
EndProject
Project("{9A19103F-16F7-4668-BE54-9A1E7A4F7556}") = "Entanglement.Common", "..\Ace.Networking.Examples\Entanglement\Entanglement.Common\Entanglement.Common.csproj", "{F2B290AD-EBF4-4474-A489-E54F90B1735F}"
EndProject
Project("{9A19103F-16F7-4668-BE54-9A1E7A4F7556}") = "Ace.Networking.Tests", "tests\Ace.Networking.Tests\Ace.Networking.Tests.csproj", "{3261C218-E05F-4BDF-AB6C-C78ECF09DA60}"
EndProject
Project("{9A19103F-16F7-4668-BE54-9A1E7A4F7556}") = "Ace.Networking.Entanglement", "src\Ace.Networking.Entanglement\Ace.Networking.Entanglement.csproj", "{D90953FF-5173-4C29-8405-2638425E404D}"
EndProject
Project("{FAE04EC0-301F-11D3-BF4B-00C04F79EFBC}") = "Ace.Networking.ThreadBenchmark", "tests\Ace.Networking.ThreadBenchmark\Ace.Networking.ThreadBenchmark\Ace.Networking.ThreadBenchmark.csproj", "{65AFD737-795D-4A5A-B6D8-27B61CD862F7}"
EndProject
Global
	GlobalSection(SolutionConfigurationPlatforms) = preSolution
		Debug|Any CPU = Debug|Any CPU
		Release|Any CPU = Release|Any CPU
	EndGlobalSection
	GlobalSection(ProjectConfigurationPlatforms) = postSolution
		{56090928-A113-4B05-BB50-7CB135B578CA}.Debug|Any CPU.ActiveCfg = Debug|Any CPU
		{56090928-A113-4B05-BB50-7CB135B578CA}.Debug|Any CPU.Build.0 = Debug|Any CPU
		{56090928-A113-4B05-BB50-7CB135B578CA}.Release|Any CPU.ActiveCfg = Release|Any CPU
		{56090928-A113-4B05-BB50-7CB135B578CA}.Release|Any CPU.Build.0 = Release|Any CPU
		{11E07CC2-3B9A-48DD-BF96-70E96ED8DBB1}.Debug|Any CPU.ActiveCfg = Debug|Any CPU
		{11E07CC2-3B9A-48DD-BF96-70E96ED8DBB1}.Debug|Any CPU.Build.0 = Debug|Any CPU
		{11E07CC2-3B9A-48DD-BF96-70E96ED8DBB1}.Release|Any CPU.ActiveCfg = Release|Any CPU
		{11E07CC2-3B9A-48DD-BF96-70E96ED8DBB1}.Release|Any CPU.Build.0 = Release|Any CPU
		{9F5634BB-216A-479E-AAF2-16B1CCB7EEC7}.Debug|Any CPU.ActiveCfg = Debug|Any CPU
		{9F5634BB-216A-479E-AAF2-16B1CCB7EEC7}.Debug|Any CPU.Build.0 = Debug|Any CPU
		{9F5634BB-216A-479E-AAF2-16B1CCB7EEC7}.Release|Any CPU.ActiveCfg = Release|Any CPU
		{9F5634BB-216A-479E-AAF2-16B1CCB7EEC7}.Release|Any CPU.Build.0 = Release|Any CPU
		{F2B290AD-EBF4-4474-A489-E54F90B1735F}.Debug|Any CPU.ActiveCfg = Debug|Any CPU
		{F2B290AD-EBF4-4474-A489-E54F90B1735F}.Debug|Any CPU.Build.0 = Debug|Any CPU
		{F2B290AD-EBF4-4474-A489-E54F90B1735F}.Release|Any CPU.ActiveCfg = Release|Any CPU
		{F2B290AD-EBF4-4474-A489-E54F90B1735F}.Release|Any CPU.Build.0 = Release|Any CPU
		{3261C218-E05F-4BDF-AB6C-C78ECF09DA60}.Debug|Any CPU.ActiveCfg = Debug|Any CPU
		{3261C218-E05F-4BDF-AB6C-C78ECF09DA60}.Debug|Any CPU.Build.0 = Debug|Any CPU
		{3261C218-E05F-4BDF-AB6C-C78ECF09DA60}.Release|Any CPU.ActiveCfg = Release|Any CPU
		{3261C218-E05F-4BDF-AB6C-C78ECF09DA60}.Release|Any CPU.Build.0 = Release|Any CPU
		{D90953FF-5173-4C29-8405-2638425E404D}.Debug|Any CPU.ActiveCfg = Debug|Any CPU
		{D90953FF-5173-4C29-8405-2638425E404D}.Debug|Any CPU.Build.0 = Debug|Any CPU
		{D90953FF-5173-4C29-8405-2638425E404D}.Release|Any CPU.ActiveCfg = Release|Any CPU
		{D90953FF-5173-4C29-8405-2638425E404D}.Release|Any CPU.Build.0 = Release|Any CPU
		{65AFD737-795D-4A5A-B6D8-27B61CD862F7}.Debug|Any CPU.ActiveCfg = Debug|Any CPU
		{65AFD737-795D-4A5A-B6D8-27B61CD862F7}.Debug|Any CPU.Build.0 = Debug|Any CPU
		{65AFD737-795D-4A5A-B6D8-27B61CD862F7}.Release|Any CPU.ActiveCfg = Release|Any CPU
		{65AFD737-795D-4A5A-B6D8-27B61CD862F7}.Release|Any CPU.Build.0 = Release|Any CPU
	EndGlobalSection
	GlobalSection(SolutionProperties) = preSolution
		HideSolutionNode = FALSE
	EndGlobalSection
	GlobalSection(ExtensibilityGlobals) = postSolution
		SolutionGuid = {A549B9EC-FA2C-45E5-B3C0-B9985E3C4FA3}
	EndGlobalSection
EndGlobal
